// !$*UTF8*$!
{
	archiveVersion = 1;
	classes = {
	};
	objectVersion = 55;
	objects = {

/* Begin PBXBuildFile section */
		A040DAAB27DBA8EF00A4A2D1 /* AppDelegate.swift in Sources */ = {isa = PBXBuildFile; fileRef = A040DAAA27DBA8EF00A4A2D1 /* AppDelegate.swift */; };
		A040DAAD27DBA8EF00A4A2D1 /* SceneDelegate.swift in Sources */ = {isa = PBXBuildFile; fileRef = A040DAAC27DBA8EF00A4A2D1 /* SceneDelegate.swift */; };
		A040DAB427DBA8F000A4A2D1 /* Assets.xcassets in Resources */ = {isa = PBXBuildFile; fileRef = A040DAB327DBA8F000A4A2D1 /* Assets.xcassets */; };
		A040DAB727DBA8F000A4A2D1 /* LaunchScreen.storyboard in Resources */ = {isa = PBXBuildFile; fileRef = A040DAB527DBA8F000A4A2D1 /* LaunchScreen.storyboard */; };
		A06B970027EE11370090242D /* MyViewController.swift in Sources */ = {isa = PBXBuildFile; fileRef = A06B96FF27EE11370090242D /* MyViewController.swift */; };
		A06B970227EE1C940090242D /* MyTimelineStepper.swift in Sources */ = {isa = PBXBuildFile; fileRef = A06B970127EE1C940090242D /* MyTimelineStepper.swift */; };
		A09FD58227DF80B1007C718D /* TimelineStepper.swift in Sources */ = {isa = PBXBuildFile; fileRef = A09FD58127DF80B1007C718D /* TimelineStepper.swift */; };
		A0C7A079280F16960038A8FB /* TimelineStepperFran.swift in Sources */ = {isa = PBXBuildFile; fileRef = A0C7A078280F16960038A8FB /* TimelineStepperFran.swift */; };
/* End PBXBuildFile section */

/* Begin PBXFileReference section */
		A040DAA727DBA8EF00A4A2D1 /* stepperAnimationProject.app */ = {isa = PBXFileReference; explicitFileType = wrapper.application; includeInIndex = 0; path = stepperAnimationProject.app; sourceTree = BUILT_PRODUCTS_DIR; };
		A040DAAA27DBA8EF00A4A2D1 /* AppDelegate.swift */ = {isa = PBXFileReference; lastKnownFileType = sourcecode.swift; path = AppDelegate.swift; sourceTree = "<group>"; };
		A040DAAC27DBA8EF00A4A2D1 /* SceneDelegate.swift */ = {isa = PBXFileReference; lastKnownFileType = sourcecode.swift; path = SceneDelegate.swift; sourceTree = "<group>"; };
		A040DAB327DBA8F000A4A2D1 /* Assets.xcassets */ = {isa = PBXFileReference; lastKnownFileType = folder.assetcatalog; path = Assets.xcassets; sourceTree = "<group>"; };
		A040DAB627DBA8F000A4A2D1 /* Base */ = {isa = PBXFileReference; lastKnownFileType = file.storyboard; name = Base; path = Base.lproj/LaunchScreen.storyboard; sourceTree = "<group>"; };
		A040DAB827DBA8F000A4A2D1 /* Info.plist */ = {isa = PBXFileReference; lastKnownFileType = text.plist.xml; path = Info.plist; sourceTree = "<group>"; };
		A06B96FF27EE11370090242D /* MyViewController.swift */ = {isa = PBXFileReference; lastKnownFileType = sourcecode.swift; path = MyViewController.swift; sourceTree = "<group>"; };
		A06B970127EE1C940090242D /* MyTimelineStepper.swift */ = {isa = PBXFileReference; lastKnownFileType = sourcecode.swift; path = MyTimelineStepper.swift; sourceTree = "<group>"; };
		A09FD58127DF80B1007C718D /* TimelineStepper.swift */ = {isa = PBXFileReference; lastKnownFileType = sourcecode.swift; path = TimelineStepper.swift; sourceTree = "<group>"; };
		A0C7A078280F16960038A8FB /* TimelineStepperFran.swift */ = {isa = PBXFileReference; lastKnownFileType = sourcecode.swift; path = TimelineStepperFran.swift; sourceTree = "<group>"; };
/* End PBXFileReference section */

/* Begin PBXFrameworksBuildPhase section */
		A040DAA427DBA8EF00A4A2D1 /* Frameworks */ = {
			isa = PBXFrameworksBuildPhase;
			buildActionMask = 2147483647;
			files = (
			);
			runOnlyForDeploymentPostprocessing = 0;
		};
/* End PBXFrameworksBuildPhase section */

/* Begin PBXGroup section */
		A040DA9E27DBA8EF00A4A2D1 = {
			isa = PBXGroup;
			children = (
				A040DAA927DBA8EF00A4A2D1 /* stepperAnimationProject */,
				A040DAA827DBA8EF00A4A2D1 /* Products */,
			);
			sourceTree = "<group>";
		};
		A040DAA827DBA8EF00A4A2D1 /* Products */ = {
			isa = PBXGroup;
			children = (
				A040DAA727DBA8EF00A4A2D1 /* stepperAnimationProject.app */,
			);
			name = Products;
			sourceTree = "<group>";
		};
		A040DAA927DBA8EF00A4A2D1 /* stepperAnimationProject */ = {
			isa = PBXGroup;
			children = (
				A040DAAA27DBA8EF00A4A2D1 /* AppDelegate.swift */,
				A040DAAC27DBA8EF00A4A2D1 /* SceneDelegate.swift */,
				A040DAB327DBA8F000A4A2D1 /* Assets.xcassets */,
				A040DAB527DBA8F000A4A2D1 /* LaunchScreen.storyboard */,
				A040DAB827DBA8F000A4A2D1 /* Info.plist */,
				A09FD58127DF80B1007C718D /* TimelineStepper.swift */,
				A06B96FF27EE11370090242D /* MyViewController.swift */,
				A06B970127EE1C940090242D /* MyTimelineStepper.swift */,
				A0C7A078280F16960038A8FB /* TimelineStepperFran.swift */,
			);
			path = stepperAnimationProject;
			sourceTree = "<group>";
		};
/* End PBXGroup section */

/* Begin PBXNativeTarget section */
		A040DAA627DBA8EF00A4A2D1 /* stepperAnimationProject */ = {
			isa = PBXNativeTarget;
			buildConfigurationList = A040DABB27DBA8F000A4A2D1 /* Build configuration list for PBXNativeTarget "stepperAnimationProject" */;
			buildPhases = (
				A040DAA327DBA8EF00A4A2D1 /* Sources */,
				A040DAA427DBA8EF00A4A2D1 /* Frameworks */,
				A040DAA527DBA8EF00A4A2D1 /* Resources */,
			);
			buildRules = (
			);
			dependencies = (
			);
			name = stepperAnimationProject;
			productName = stepperAnimationProject;
			productReference = A040DAA727DBA8EF00A4A2D1 /* stepperAnimationProject.app */;
			productType = "com.apple.product-type.application";
		};
/* End PBXNativeTarget section */

/* Begin PBXProject section */
		A040DA9F27DBA8EF00A4A2D1 /* Project object */ = {
			isa = PBXProject;
			attributes = {
				BuildIndependentTargetsInParallel = 1;
				LastSwiftUpdateCheck = 1310;
				LastUpgradeCheck = 1310;
				TargetAttributes = {
					A040DAA627DBA8EF00A4A2D1 = {
						CreatedOnToolsVersion = 13.1;
					};
				};
			};
			buildConfigurationList = A040DAA227DBA8EF00A4A2D1 /* Build configuration list for PBXProject "stepperAnimationProject" */;
			compatibilityVersion = "Xcode 13.0";
			developmentRegion = en;
			hasScannedForEncodings = 0;
			knownRegions = (
				en,
				Base,
			);
			mainGroup = A040DA9E27DBA8EF00A4A2D1;
			productRefGroup = A040DAA827DBA8EF00A4A2D1 /* Products */;
			projectDirPath = "";
			projectRoot = "";
			targets = (
				A040DAA627DBA8EF00A4A2D1 /* stepperAnimationProject */,
			);
		};
/* End PBXProject section */

/* Begin PBXResourcesBuildPhase section */
		A040DAA527DBA8EF00A4A2D1 /* Resources */ = {
			isa = PBXResourcesBuildPhase;
			buildActionMask = 2147483647;
			files = (
				A040DAB727DBA8F000A4A2D1 /* LaunchScreen.storyboard in Resources */,
				A040DAB427DBA8F000A4A2D1 /* Assets.xcassets in Resources */,
			);
			runOnlyForDeploymentPostprocessing = 0;
		};
/* End PBXResourcesBuildPhase section */

/* Begin PBXSourcesBuildPhase section */
		A040DAA327DBA8EF00A4A2D1 /* Sources */ = {
			isa = PBXSourcesBuildPhase;
			buildActionMask = 2147483647;
			files = (
				A040DAAB27DBA8EF00A4A2D1 /* AppDelegate.swift in Sources */,
				A06B970227EE1C940090242D /* MyTimelineStepper.swift in Sources */,
				A09FD58227DF80B1007C718D /* TimelineStepper.swift in Sources */,
				A0C7A079280F16960038A8FB /* TimelineStepperFran.swift in Sources */,
				A06B970027EE11370090242D /* MyViewController.swift in Sources */,
				A040DAAD27DBA8EF00A4A2D1 /* SceneDelegate.swift in Sources */,
			);
			runOnlyForDeploymentPostprocessing = 0;
		};
/* End PBXSourcesBuildPhase section */

/* Begin PBXVariantGroup section */
		A040DAB527DBA8F000A4A2D1 /* LaunchScreen.storyboard */ = {
			isa = PBXVariantGroup;
			children = (
				A040DAB627DBA8F000A4A2D1 /* Base */,
			);
			name = LaunchScreen.storyboard;
			sourceTree = "<group>";
		};
/* End PBXVariantGroup section */

/* Begin XCBuildConfiguration section */
		A040DAB927DBA8F000A4A2D1 /* Debug */ = {
			isa = XCBuildConfiguration;
			buildSettings = {
				ALWAYS_SEARCH_USER_PATHS = NO;
				CLANG_ANALYZER_NONNULL = YES;
				CLANG_ANALYZER_NUMBER_OBJECT_CONVERSION = YES_AGGRESSIVE;
				CLANG_CXX_LANGUAGE_STANDARD = "gnu++17";
				CLANG_CXX_LIBRARY = "libc++";
				CLANG_ENABLE_MODULES = YES;
				CLANG_ENABLE_OBJC_ARC = YES;
				CLANG_ENABLE_OBJC_WEAK = YES;
				CLANG_WARN_BLOCK_CAPTURE_AUTORELEASING = YES;
				CLANG_WARN_BOOL_CONVERSION = YES;
				CLANG_WARN_COMMA = YES;
				CLANG_WARN_CONSTANT_CONVERSION = YES;
				CLANG_WARN_DEPRECATED_OBJC_IMPLEMENTATIONS = YES;
				CLANG_WARN_DIRECT_OBJC_ISA_USAGE = YES_ERROR;
				CLANG_WARN_DOCUMENTATION_COMMENTS = YES;
				CLANG_WARN_EMPTY_BODY = YES;
				CLANG_WARN_ENUM_CONVERSION = YES;
				CLANG_WARN_INFINITE_RECURSION = YES;
				CLANG_WARN_INT_CONVERSION = YES;
				CLANG_WARN_NON_LITERAL_NULL_CONVERSION = YES;
				CLANG_WARN_OBJC_IMPLICIT_RETAIN_SELF = YES;
				CLANG_WARN_OBJC_LITERAL_CONVERSION = YES;
				CLANG_WARN_OBJC_ROOT_CLASS = YES_ERROR;
				CLANG_WARN_QUOTED_INCLUDE_IN_FRAMEWORK_HEADER = YES;
				CLANG_WARN_RANGE_LOOP_ANALYSIS = YES;
				CLANG_WARN_STRICT_PROTOTYPES = YES;
				CLANG_WARN_SUSPICIOUS_MOVE = YES;
				CLANG_WARN_UNGUARDED_AVAILABILITY = YES_AGGRESSIVE;
				CLANG_WARN_UNREACHABLE_CODE = YES;
				CLANG_WARN__DUPLICATE_METHOD_MATCH = YES;
				COPY_PHASE_STRIP = NO;
				DEBUG_INFORMATION_FORMAT = dwarf;
				ENABLE_STRICT_OBJC_MSGSEND = YES;
				ENABLE_TESTABILITY = YES;
				GCC_C_LANGUAGE_STANDARD = gnu11;
				GCC_DYNAMIC_NO_PIC = NO;
				GCC_NO_COMMON_BLOCKS = YES;
				GCC_OPTIMIZATION_LEVEL = 0;
				GCC_PREPROCESSOR_DEFINITIONS = (
					"DEBUG=1",
					"$(inherited)",
				);
				GCC_WARN_64_TO_32_BIT_CONVERSION = YES;
				GCC_WARN_ABOUT_RETURN_TYPE = YES_ERROR;
				GCC_WARN_UNDECLARED_SELECTOR = YES;
				GCC_WARN_UNINITIALIZED_AUTOS = YES_AGGRESSIVE;
				GCC_WARN_UNUSED_FUNCTION = YES;
				GCC_WARN_UNUSED_VARIABLE = YES;
				IPHONEOS_DEPLOYMENT_TARGET = 15.0;
				MTL_ENABLE_DEBUG_INFO = INCLUDE_SOURCE;
				MTL_FAST_MATH = YES;
				ONLY_ACTIVE_ARCH = YES;
				SDKROOT = iphoneos;
				SWIFT_ACTIVE_COMPILATION_CONDITIONS = DEBUG;
				SWIFT_OPTIMIZATION_LEVEL = "-Onone";
			};
			name = Debug;
		};
		A040DABA27DBA8F000A4A2D1 /* Release */ = {
			isa = XCBuildConfiguration;
			buildSettings = {
				ALWAYS_SEARCH_USER_PATHS = NO;
				CLANG_ANALYZER_NONNULL = YES;
				CLANG_ANALYZER_NUMBER_OBJECT_CONVERSION = YES_AGGRESSIVE;
				CLANG_CXX_LANGUAGE_STANDARD = "gnu++17";
				CLANG_CXX_LIBRARY = "libc++";
				CLANG_ENABLE_MODULES = YES;
				CLANG_ENABLE_OBJC_ARC = YES;
				CLANG_ENABLE_OBJC_WEAK = YES;
				CLANG_WARN_BLOCK_CAPTURE_AUTORELEASING = YES;
				CLANG_WARN_BOOL_CONVERSION = YES;
				CLANG_WARN_COMMA = YES;
				CLANG_WARN_CONSTANT_CONVERSION = YES;
				CLANG_WARN_DEPRECATED_OBJC_IMPLEMENTATIONS = YES;
				CLANG_WARN_DIRECT_OBJC_ISA_USAGE = YES_ERROR;
				CLANG_WARN_DOCUMENTATION_COMMENTS = YES;
				CLANG_WARN_EMPTY_BODY = YES;
				CLANG_WARN_ENUM_CONVERSION = YES;
				CLANG_WARN_INFINITE_RECURSION = YES;
				CLANG_WARN_INT_CONVERSION = YES;
				CLANG_WARN_NON_LITERAL_NULL_CONVERSION = YES;
				CLANG_WARN_OBJC_IMPLICIT_RETAIN_SELF = YES;
				CLANG_WARN_OBJC_LITERAL_CONVERSION = YES;
				CLANG_WARN_OBJC_ROOT_CLASS = YES_ERROR;
				CLANG_WARN_QUOTED_INCLUDE_IN_FRAMEWORK_HEADER = YES;
				CLANG_WARN_RANGE_LOOP_ANALYSIS = YES;
				CLANG_WARN_STRICT_PROTOTYPES = YES;
				CLANG_WARN_SUSPICIOUS_MOVE = YES;
				CLANG_WARN_UNGUARDED_AVAILABILITY = YES_AGGRESSIVE;
				CLANG_WARN_UNREACHABLE_CODE = YES;
				CLANG_WARN__DUPLICATE_METHOD_MATCH = YES;
				COPY_PHASE_STRIP = NO;
				DEBUG_INFORMATION_FORMAT = "dwarf-with-dsym";
				ENABLE_NS_ASSERTIONS = NO;
				ENABLE_STRICT_OBJC_MSGSEND = YES;
				GCC_C_LANGUAGE_STANDARD = gnu11;
				GCC_NO_COMMON_BLOCKS = YES;
				GCC_WARN_64_TO_32_BIT_CONVERSION = YES;
				GCC_WARN_ABOUT_RETURN_TYPE = YES_ERROR;
				GCC_WARN_UNDECLARED_SELECTOR = YES;
				GCC_WARN_UNINITIALIZED_AUTOS = YES_AGGRESSIVE;
				GCC_WARN_UNUSED_FUNCTION = YES;
				GCC_WARN_UNUSED_VARIABLE = YES;
				IPHONEOS_DEPLOYMENT_TARGET = 15.0;
				MTL_ENABLE_DEBUG_INFO = NO;
				MTL_FAST_MATH = YES;
				SDKROOT = iphoneos;
				SWIFT_COMPILATION_MODE = wholemodule;
				SWIFT_OPTIMIZATION_LEVEL = "-O";
				VALIDATE_PRODUCT = YES;
			};
			name = Release;
		};
		A040DABC27DBA8F000A4A2D1 /* Debug */ = {
			isa = XCBuildConfiguration;
			buildSettings = {
				ASSETCATALOG_COMPILER_APPICON_NAME = AppIcon;
				ASSETCATALOG_COMPILER_GLOBAL_ACCENT_COLOR_NAME = AccentColor;
				CODE_SIGN_STYLE = Automatic;
				CURRENT_PROJECT_VERSION = 1;
				DEVELOPMENT_TEAM = 6V2ZR3A87S;
				GENERATE_INFOPLIST_FILE = YES;
				INFOPLIST_FILE = stepperAnimationProject/Info.plist;
				INFOPLIST_KEY_UIApplicationSupportsIndirectInputEvents = YES;
				INFOPLIST_KEY_UILaunchStoryboardName = LaunchScreen;
				INFOPLIST_KEY_UISupportedInterfaceOrientations_iPad = "UIInterfaceOrientationPortrait UIInterfaceOrientationPortraitUpsideDown UIInterfaceOrientationLandscapeLeft UIInterfaceOrientationLandscapeRight";
				INFOPLIST_KEY_UISupportedInterfaceOrientations_iPhone = "UIInterfaceOrientationPortrait UIInterfaceOrientationLandscapeLeft UIInterfaceOrientationLandscapeRight";
				LD_RUNPATH_SEARCH_PATHS = (
					"$(inherited)",
					"@executable_path/Frameworks",
				);
				MARKETING_VERSION = 1.0;
				PRODUCT_BUNDLE_IDENTIFIER = JuanFranciscoBazanCarrizo.stepperAnimationProject;
				PRODUCT_NAME = "$(TARGET_NAME)";
				SWIFT_EMIT_LOC_STRINGS = YES;
				SWIFT_VERSION = 5.0;
				TARGETED_DEVICE_FAMILY = "1,2";
			};
			name = Debug;
		};
		A040DABD27DBA8F000A4A2D1 /* Release */ = {
			isa = XCBuildConfiguration;
			buildSettings = {
				ASSETCATALOG_COMPILER_APPICON_NAME = AppIcon;
				ASSETCATALOG_COMPILER_GLOBAL_ACCENT_COLOR_NAME = AccentColor;
				CODE_SIGN_STYLE = Automatic;
				CURRENT_PROJECT_VERSION = 1;
				DEVELOPMENT_TEAM = 6V2ZR3A87S;
				GENERATE_INFOPLIST_FILE = YES;
				INFOPLIST_FILE = stepperAnimationProject/Info.plist;
				INFOPLIST_KEY_UIApplicationSupportsIndirectInputEvents = YES;
				INFOPLIST_KEY_UILaunchStoryboardName = LaunchScreen;
				INFOPLIST_KEY_UISupportedInterfaceOrientations_iPad = "UIInterfaceOrientationPortrait UIInterfaceOrientationPortraitUpsideDown UIInterfaceOrientationLandscapeLeft UIInterfaceOrientationLandscapeRight";
				INFOPLIST_KEY_UISupportedInterfaceOrientations_iPhone = "UIInterfaceOrientationPortrait UIInterfaceOrientationLandscapeLeft UIInterfaceOrientationLandscapeRight";
				LD_RUNPATH_SEARCH_PATHS = (
					"$(inherited)",
					"@executable_path/Frameworks",
				);
				MARKETING_VERSION = 1.0;
				PRODUCT_BUNDLE_IDENTIFIER = JuanFranciscoBazanCarrizo.stepperAnimationProject;
				PRODUCT_NAME = "$(TARGET_NAME)";
				SWIFT_EMIT_LOC_STRINGS = YES;
				SWIFT_VERSION = 5.0;
				TARGETED_DEVICE_FAMILY = "1,2";
			};
			name = Release;
		};
/* End XCBuildConfiguration section */

/* Begin XCConfigurationList section */
		A040DAA227DBA8EF00A4A2D1 /* Build configuration list for PBXProject "stepperAnimationProject" */ = {
			isa = XCConfigurationList;
			buildConfigurations = (
				A040DAB927DBA8F000A4A2D1 /* Debug */,
				A040DABA27DBA8F000A4A2D1 /* Release */,
			);
			defaultConfigurationIsVisible = 0;
			defaultConfigurationName = Release;
		};
		A040DABB27DBA8F000A4A2D1 /* Build configuration list for PBXNativeTarget "stepperAnimationProject" */ = {
			isa = XCConfigurationList;
			buildConfigurations = (
				A040DABC27DBA8F000A4A2D1 /* Debug */,
				A040DABD27DBA8F000A4A2D1 /* Release */,
			);
			defaultConfigurationIsVisible = 0;
			defaultConfigurationName = Release;
		};
/* End XCConfigurationList section */
	};
	rootObject = A040DA9F27DBA8EF00A4A2D1 /* Project object */;
}
